{
    "_readme": [
        "This file locks the dependencies of your project to a known state",
        "Read more about it at http://getcomposer.org/doc/01-basic-usage.md#composer-lock-the-lock-file",
        "This file is @generated automatically"
    ],
    "hash": "63ca3655ae4ed5a5b26dfdcd0abed216",
    "packages": [
        {
            "name": "james-heinrich/getid3",
            "version": "dev-master",
            "source": {
                "type": "git",
                "url": "https://github.com/JamesHeinrich/getID3.git",
                "reference": "1b7d713df458da943c846f85e7e492a9b862c4d0"
            },
            "dist": {
                "type": "zip",
                "url": "https://api.github.com/repos/JamesHeinrich/getID3/zipball/1b7d713df458da943c846f85e7e492a9b862c4d0",
                "reference": "1b7d713df458da943c846f85e7e492a9b862c4d0",
                "shasum": ""
            },
            "require": {
                "php": ">=5.3.0"
            },
            "type": "library",
            "autoload": {
                "classmap": [
                    "getid3/getid3.php"
                ]
            },
            "notification-url": "https://packagist.org/downloads/",
            "license": [
                "GPL"
            ],
            "description": "PHP script that extracts useful information from popular multimedia file formats",
            "homepage": "http://www.getid3.org/",
            "keywords": [
                "codecs",
                "php",
                "tags"
            ],
            "time": "2014-12-07 22:46:35"
        }
    ],
    "packages-dev": [],
    "aliases": [],
    "minimum-stability": "stable",
    "stability-flags": {
        "james-heinrich/getid3": 20
    },
    "prefer-stable": false,
    "platform": [],
    "platform-dev": []
}
